
Microsoft Visual Studio Solution File, Format Version 12.00
# Visual Studio Version 17
VisualStudioVersion = 17.14.36408.4
MinimumVisualStudioVersion = 10.0.40219.1
Project("{FAE04EC0-301F-11D3-BF4B-00C04F79EFBC}") = "SpoilerToTrackerConverter", "SpoilerToTrackerConverter\SpoilerToTrackerConverter.csproj", "{83DF56BD-3F62-4DAE-880C-E2ABB7551DBE}"
EndProject
Project("{FAE04EC0-301F-11D3-BF4B-00C04F79EFBC}") = "SpoilerToTrackerApp", "SpoilerToTrackerApp\SpoilerToTrackerApp.csproj", "{F8766159-3362-32DE-42BF-B344F199164A}"
EndProject
Global
	GlobalSection(SolutionConfigurationPlatforms) = preSolution
		Debug|Any CPU = Debug|Any CPU
		Release|Any CPU = Release|Any CPU
	EndGlobalSection
	GlobalSection(ProjectConfigurationPlatforms) = postSolution
		{83DF56BD-3F62-4DAE-880C-E2ABB7551DBE}.Debug|Any CPU.ActiveCfg = Release|Any CPU
		{83DF56BD-3F62-4DAE-880C-E2ABB7551DBE}.Debug|Any CPU.Build.0 = Release|Any CPU
		{83DF56BD-3F62-4DAE-880C-E2ABB7551DBE}.Release|Any CPU.ActiveCfg = Release|Any CPU
		{83DF56BD-3F62-4DAE-880C-E2ABB7551DBE}.Release|Any CPU.Build.0 = Release|Any CPU
		{F8766159-3362-32DE-42BF-B344F199164A}.Debug|Any CPU.ActiveCfg = Release|Any CPU
		{F8766159-3362-32DE-42BF-B344F199164A}.Debug|Any CPU.Build.0 = Release|Any CPU
		{F8766159-3362-32DE-42BF-B344F199164A}.Release|Any CPU.ActiveCfg = Release|Any CPU
		{F8766159-3362-32DE-42BF-B344F199164A}.Release|Any CPU.Build.0 = Release|Any CPU
	EndGlobalSection
	GlobalSection(SolutionProperties) = preSolution
		HideSolutionNode = FALSE
	EndGlobalSection
	GlobalSection(ExtensibilityGlobals) = postSolution
		SolutionGuid = {CBB0E451-51B4-41D2-BAC4-33272A2D5696}
	EndGlobalSection
EndGlobal
